
Microsoft Visual Studio Solution File, Format Version 12.00
# Visual Studio Version 16
VisualStudioVersion = 16.0.31515.178
MinimumVisualStudioVersion = 10.0.40219.1
Project("{9A19103F-16F7-4668-BE54-9A1E7A4F7556}") = "E-Study", "E-Study\E-Study.csproj", "{F6497E27-7581-407B-A078-52B3DAFEE80B}"
EndProject
Project("{2150E333-8FDC-42A3-9474-1A3956D46DE8}") = "1-Web", "1-Web", "{CBA58B0F-03A6-4958-90C7-ED0B34906CE0}"
EndProject
Project("{2150E333-8FDC-42A3-9474-1A3956D46DE8}") = "2-Application", "2-Application", "{6EBF3CA3-5FFE-4EF3-A631-D977BCBCFBD5}"
EndProject
Project("{2150E333-8FDC-42A3-9474-1A3956D46DE8}") = "3-Domain", "3-Domain", "{B291CFEC-BFAA-45D6-9114-E400A4A8ADD2}"
EndProject
Project("{2150E333-8FDC-42A3-9474-1A3956D46DE8}") = "4-Infra", "4-Infra", "{A5D345B9-ECF2-42E8-8FE9-B87294431DA4}"
EndProject
Project("{9A19103F-16F7-4668-BE54-9A1E7A4F7556}") = "E-Study.Application", "E-Study.Application\E-Study.Application.csproj", "{E03A7B92-BD1E-4423-99CE-4FE7BC50179D}"
EndProject
Project("{9A19103F-16F7-4668-BE54-9A1E7A4F7556}") = "E-Study.Domain", "E-Study.Domain\E-Study.Domain.csproj", "{AD7CD038-0688-4917-A0B5-15B57A185510}"
EndProject
Project("{2150E333-8FDC-42A3-9474-1A3956D46DE8}") = "4.1-Data", "4.1-Data", "{B23AB535-AB16-416B-AEBC-EEEAF96D3608}"
EndProject
Project("{2150E333-8FDC-42A3-9474-1A3956D46DE8}") = "4.2-CrossCutting", "4.2-CrossCutting", "{4F5AB92C-6AE1-45A4-A89E-5B660B6312BD}"
EndProject
Project("{9A19103F-16F7-4668-BE54-9A1E7A4F7556}") = "E-Study.Data", "E-Study.Data\E-Study.Data.csproj", "{86EE52D5-DEE4-4F5A-8626-2800661D2AA0}"
EndProject
Project("{FAE04EC0-301F-11D3-BF4B-00C04F79EFBC}") = "E-Study.IoC", "E-Study.IoC\E-Study.IoC.csproj", "{EFF78404-6463-4F67-9B60-EDD884EDAC9E}"
EndProject
Global
	GlobalSection(SolutionConfigurationPlatforms) = preSolution
		Debug|Any CPU = Debug|Any CPU
		Release|Any CPU = Release|Any CPU
	EndGlobalSection
	GlobalSection(ProjectConfigurationPlatforms) = postSolution
		{F6497E27-7581-407B-A078-52B3DAFEE80B}.Debug|Any CPU.ActiveCfg = Debug|Any CPU
		{F6497E27-7581-407B-A078-52B3DAFEE80B}.Debug|Any CPU.Build.0 = Debug|Any CPU
		{F6497E27-7581-407B-A078-52B3DAFEE80B}.Release|Any CPU.ActiveCfg = Release|Any CPU
		{F6497E27-7581-407B-A078-52B3DAFEE80B}.Release|Any CPU.Build.0 = Release|Any CPU
		{E03A7B92-BD1E-4423-99CE-4FE7BC50179D}.Debug|Any CPU.ActiveCfg = Debug|Any CPU
		{E03A7B92-BD1E-4423-99CE-4FE7BC50179D}.Debug|Any CPU.Build.0 = Debug|Any CPU
		{E03A7B92-BD1E-4423-99CE-4FE7BC50179D}.Release|Any CPU.ActiveCfg = Release|Any CPU
		{E03A7B92-BD1E-4423-99CE-4FE7BC50179D}.Release|Any CPU.Build.0 = Release|Any CPU
		{AD7CD038-0688-4917-A0B5-15B57A185510}.Debug|Any CPU.ActiveCfg = Debug|Any CPU
		{AD7CD038-0688-4917-A0B5-15B57A185510}.Debug|Any CPU.Build.0 = Debug|Any CPU
		{AD7CD038-0688-4917-A0B5-15B57A185510}.Release|Any CPU.ActiveCfg = Release|Any CPU
		{AD7CD038-0688-4917-A0B5-15B57A185510}.Release|Any CPU.Build.0 = Release|Any CPU
		{86EE52D5-DEE4-4F5A-8626-2800661D2AA0}.Debug|Any CPU.ActiveCfg = Debug|Any CPU
		{86EE52D5-DEE4-4F5A-8626-2800661D2AA0}.Debug|Any CPU.Build.0 = Debug|Any CPU
		{86EE52D5-DEE4-4F5A-8626-2800661D2AA0}.Release|Any CPU.ActiveCfg = Release|Any CPU
		{86EE52D5-DEE4-4F5A-8626-2800661D2AA0}.Release|Any CPU.Build.0 = Release|Any CPU
		{EFF78404-6463-4F67-9B60-EDD884EDAC9E}.Debug|Any CPU.ActiveCfg = Debug|Any CPU
		{EFF78404-6463-4F67-9B60-EDD884EDAC9E}.Debug|Any CPU.Build.0 = Debug|Any CPU
		{EFF78404-6463-4F67-9B60-EDD884EDAC9E}.Release|Any CPU.ActiveCfg = Release|Any CPU
		{EFF78404-6463-4F67-9B60-EDD884EDAC9E}.Release|Any CPU.Build.0 = Release|Any CPU
	EndGlobalSection
	GlobalSection(SolutionProperties) = preSolution
		HideSolutionNode = FALSE
	EndGlobalSection
	GlobalSection(NestedProjects) = preSolution
		{F6497E27-7581-407B-A078-52B3DAFEE80B} = {CBA58B0F-03A6-4958-90C7-ED0B34906CE0}
		{E03A7B92-BD1E-4423-99CE-4FE7BC50179D} = {6EBF3CA3-5FFE-4EF3-A631-D977BCBCFBD5}
		{AD7CD038-0688-4917-A0B5-15B57A185510} = {B291CFEC-BFAA-45D6-9114-E400A4A8ADD2}
		{B23AB535-AB16-416B-AEBC-EEEAF96D3608} = {A5D345B9-ECF2-42E8-8FE9-B87294431DA4}
		{4F5AB92C-6AE1-45A4-A89E-5B660B6312BD} = {A5D345B9-ECF2-42E8-8FE9-B87294431DA4}
		{86EE52D5-DEE4-4F5A-8626-2800661D2AA0} = {B23AB535-AB16-416B-AEBC-EEEAF96D3608}
		{EFF78404-6463-4F67-9B60-EDD884EDAC9E} = {4F5AB92C-6AE1-45A4-A89E-5B660B6312BD}
	EndGlobalSection
	GlobalSection(ExtensibilityGlobals) = postSolution
		SolutionGuid = {D084C95F-8C4C-4F8A-9973-689C08AD36E1}
	EndGlobalSection
EndGlobal
